<?xml version="1.0" encoding="utf-8"?>
<Project ToolsVersion="4.0" xmlns="http://schemas.microsoft.com/developer/msbuild/2003">
  <ItemGroup>
    <Filter Include="소스 파일">
      <UniqueIdentifier>{4FC737F1-C7A5-4376-A066-2A32D752A2FF}</UniqueIdentifier>
      <Extensions>cpp;c;cc;cxx;def;odl;idl;hpj;bat;asm;asmx</Extensions>
    </Filter>
    <Filter Include="헤더 파일">
      <UniqueIdentifier>{93995380-89BD-4b04-88EB-625FBE52EBFB}</UniqueIdentifier>
      <Extensions>h;hh;hpp;hxx;hm;inl;inc;ipp;xsd</Extensions>
    </Filter>
    <Filter Include="리소스 파일">
      <UniqueIdentifier>{67DA6AB6-F800-4c08-8B7A-83BB121AAD01}</UniqueIdentifier>
      <Extensions>rc;ico;cur;bmp;dlg;rc2;rct;bin;rgs;gif;jpg;jpeg;jpe;resx;tiff;tif;png;wav;mfcribbon-ms</Extensions>
    </Filter>
    <Filter Include="소스 파일\Pointer">
      <UniqueIdentifier>{5dd33681-b28a-40cd-96af-4322438e03c9}</UniqueIdentifier>
    </Filter>
  </ItemGroup>
  <ItemGroup>
    <ClCompile Include="portfolio00.c">
      <Filter>소스 파일</Filter>
    </ClCompile>
    <ClCompile Include="portfolio01.c">
      <Filter>소스 파일</Filter>
    </ClCompile>
    <ClCompile Include="portfolio02.c">
      <Filter>소스 파일</Filter>
    </ClCompile>
    <ClCompile Include="portfolio03.c">
      <Filter>소스 파일</Filter>
    </ClCompile>
    <ClCompile Include="portfolio04.c">
      <Filter>소스 파일</Filter>
    </ClCompile>
    <ClCompile Include="portfolio05.c">
      <Filter>소스 파일</Filter>
    </ClCompile>
    <ClCompile Include="portfolio06.c">
      <Filter>소스 파일</Filter>
    </ClCompile>
    <ClCompile Include="portfolio07.c">
      <Filter>소스 파일</Filter>
    </ClCompile>
    <ClCompile Include="portfolio08.c">
      <Filter>소스 파일</Filter>
    </ClCompile>
    <ClCompile Include="portfolio09.c">
      <Filter>소스 파일</Filter>
    </ClCompile>
    <ClCompile Include="portfolio10.c">
      <Filter>소스 파일</Filter>
    </ClCompile>
    <ClCompile Include="portfolio11.c">
      <Filter>소스 파일</Filter>
    </ClCompile>
    <ClCompile Include="portfolio12.c">
      <Filter>소스 파일</Filter>
    </ClCompile>
    <ClCompile Include="portfolio13.c">
      <Filter>소스 파일</Filter>
    </ClCompile>
    <ClCompile Include="portfolio14.c">
      <Filter>소스 파일</Filter>
    </ClCompile>
    <ClCompile Include="portfolio15.c">
      <Filter>소스 파일</Filter>
    </ClCompile>
    <ClCompile Include="portfolio16.c">
      <Filter>소스 파일</Filter>
    </ClCompile>
    <ClCompile Include="portfolio17.c">
      <Filter>소스 파일</Filter>
    </ClCompile>
    <ClCompile Include="portfolio18.c">
      <Filter>소스 파일</Filter>
    </ClCompile>
    <ClCompile Include="portfolio19.c">
      <Filter>소스 파일</Filter>
    </ClCompile>
    <ClCompile Include="portfoilo20.c">
      <Filter>소스 파일</Filter>
    </ClCompile>
    <ClCompile Include="portfolio21.c">
      <Filter>소스 파일</Filter>
    </ClCompile>
    <ClCompile Include="portfolio22.c">
      <Filter>소스 파일</Filter>
    </ClCompile>
    <ClCompile Include="portfolio23.c">
      <Filter>소스 파일</Filter>
    </ClCompile>
    <ClCompile Include="portfolio24.c">
      <Filter>소스 파일</Filter>
    </ClCompile>
    <ClCompile Include="portfolio25.c">
      <Filter>소스 파일</Filter>
    </ClCompile>
    <ClCompile Include="portfolio26.c">
      <Filter>소스 파일</Filter>
    </ClCompile>
    <ClCompile Include="PointerLearn00.c">
      <Filter>소스 파일\Pointer</Filter>
    </ClCompile>
    <ClCompile Include="pointerLearn01.c">
      <Filter>소스 파일\Pointer</Filter>
    </ClCompile>
    <ClCompile Include="portfolio27.c">
      <Filter>소스 파일</Filter>
    </ClCompile>
    <ClCompile Include="multidimensional_array00.c">
      <Filter>소스 파일</Filter>
    </ClCompile>
    <ClCompile Include="floatingPoint.c">
      <Filter>소스 파일</Filter>
    </ClCompile>
    <ClCompile Include="portfolio28.c">
      <Filter>소스 파일</Filter>
    </ClCompile>
    <ClCompile Include="portfolio29.c">
      <Filter>소스 파일</Filter>
    </ClCompile>
    <ClCompile Include="protfolio30.c">
      <Filter>소스 파일</Filter>
    </ClCompile>
    <ClCompile Include="portfolio31.c">
      <Filter>소스 파일</Filter>
    </ClCompile>
    <ClCompile Include="portfolio32.c">
      <Filter>소스 파일</Filter>
    </ClCompile>
    <ClCompile Include="portfolio33.c">
      <Filter>소스 파일</Filter>
    </ClCompile>
  </ItemGroup>
</Project>